
Microsoft Visual Studio Solution File, Format Version 12.00
# Visual Studio 2013
VisualStudioVersion = 12.0.21005.1
MinimumVisualStudioVersion = 10.0.40219.1
Project("{FAE04EC0-301F-11D3-BF4B-00C04F79EFBC}") = "Events", "Events\Events.csproj", "{04664BAC-0E48-4D57-9251-1DE1ACB181A2}"
EndProject
Project("{FAE04EC0-301F-11D3-BF4B-00C04F79EFBC}") = "BadCode", "BadCode\BadCode.csproj", "{3BEF7A04-07EF-4147-AD26-3435E2733BC1}"
EndProject
Project("{FAE04EC0-301F-11D3-BF4B-00C04F79EFBC}") = "BadCodeReformatted", "BadCodeReformatted\BadCodeReformatted.csproj", "{FE22732A-E1CC-4634-B2C7-152FC01025AB}"
EndProject
Global
	GlobalSection(SolutionConfigurationPlatforms) = preSolution
		Debug|Any CPU = Debug|Any CPU
		Release|Any CPU = Release|Any CPU
	EndGlobalSection
	GlobalSection(ProjectConfigurationPlatforms) = postSolution
		{04664BAC-0E48-4D57-9251-1DE1ACB181A2}.Debug|Any CPU.ActiveCfg = Debug|Any CPU
		{04664BAC-0E48-4D57-9251-1DE1ACB181A2}.Debug|Any CPU.Build.0 = Debug|Any CPU
		{04664BAC-0E48-4D57-9251-1DE1ACB181A2}.Release|Any CPU.ActiveCfg = Release|Any CPU
		{04664BAC-0E48-4D57-9251-1DE1ACB181A2}.Release|Any CPU.Build.0 = Release|Any CPU
		{3BEF7A04-07EF-4147-AD26-3435E2733BC1}.Debug|Any CPU.ActiveCfg = Debug|Any CPU
		{3BEF7A04-07EF-4147-AD26-3435E2733BC1}.Debug|Any CPU.Build.0 = Debug|Any CPU
		{3BEF7A04-07EF-4147-AD26-3435E2733BC1}.Release|Any CPU.ActiveCfg = Release|Any CPU
		{3BEF7A04-07EF-4147-AD26-3435E2733BC1}.Release|Any CPU.Build.0 = Release|Any CPU
		{FE22732A-E1CC-4634-B2C7-152FC01025AB}.Debug|Any CPU.ActiveCfg = Debug|Any CPU
		{FE22732A-E1CC-4634-B2C7-152FC01025AB}.Debug|Any CPU.Build.0 = Debug|Any CPU
		{FE22732A-E1CC-4634-B2C7-152FC01025AB}.Release|Any CPU.ActiveCfg = Release|Any CPU
		{FE22732A-E1CC-4634-B2C7-152FC01025AB}.Release|Any CPU.Build.0 = Release|Any CPU
	EndGlobalSection
	GlobalSection(SolutionProperties) = preSolution
		HideSolutionNode = FALSE
	EndGlobalSection
EndGlobal
